
Microsoft Visual Studio Solution File, Format Version 12.00
# Visual Studio Version 17
VisualStudioVersion = 17.7.34221.43
MinimumVisualStudioVersion = 10.0.40219.1
Project("{9A19103F-16F7-4668-BE54-9A1E7A4F7556}") = "BDAS2_Restaurace", "BDAS2_Restaurace.csproj", "{548CA79E-DB64-41CD-B65B-490BC720BAB8}"
EndProject
Project("{FAE04EC0-301F-11D3-BF4B-00C04F79EFBC}") = "ValidationTesting", "..\ValidationTesting\ValidationTesting.csproj", "{3A6DE791-F9DD-419E-A5D3-F42AFC777FF0}"
EndProject
Global
	GlobalSection(SolutionConfigurationPlatforms) = preSolution
		Debug|Any CPU = Debug|Any CPU
		Release|Any CPU = Release|Any CPU
	EndGlobalSection
	GlobalSection(ProjectConfigurationPlatforms) = postSolution
		{548CA79E-DB64-41CD-B65B-490BC720BAB8}.Debug|Any CPU.ActiveCfg = Debug|Any CPU
		{548CA79E-DB64-41CD-B65B-490BC720BAB8}.Debug|Any CPU.Build.0 = Debug|Any CPU
		{548CA79E-DB64-41CD-B65B-490BC720BAB8}.Release|Any CPU.ActiveCfg = Release|Any CPU
		{548CA79E-DB64-41CD-B65B-490BC720BAB8}.Release|Any CPU.Build.0 = Release|Any CPU
		{3A6DE791-F9DD-419E-A5D3-F42AFC777FF0}.Debug|Any CPU.ActiveCfg = Debug|Any CPU
		{3A6DE791-F9DD-419E-A5D3-F42AFC777FF0}.Debug|Any CPU.Build.0 = Debug|Any CPU
		{3A6DE791-F9DD-419E-A5D3-F42AFC777FF0}.Release|Any CPU.ActiveCfg = Release|Any CPU
		{3A6DE791-F9DD-419E-A5D3-F42AFC777FF0}.Release|Any CPU.Build.0 = Release|Any CPU
	EndGlobalSection
	GlobalSection(SolutionProperties) = preSolution
		HideSolutionNode = FALSE
	EndGlobalSection
	GlobalSection(ExtensibilityGlobals) = postSolution
		SolutionGuid = {3508726F-48AF-4FB5-9420-63673ACF5C22}
	EndGlobalSection
EndGlobal
